
Microsoft Visual Studio Solution File, Format Version 12.00
# Visual Studio Version 16
VisualStudioVersion = 16.0.30114.105
MinimumVisualStudioVersion = 10.0.40219.1
Project("{FAE04EC0-301F-11D3-BF4B-00C04F79EFBC}") = "BowlingGame", "BowlingGame\BowlingGame.csproj", "{9BDAFA5D-147A-4986-9DDA-745628D6F872}"
EndProject
Project("{FAE04EC0-301F-11D3-BF4B-00C04F79EFBC}") = "BowlingGameTests", "BowlingGameTests\BowlingGameTests.csproj", "{6D6A1997-F2FD-4CAE-A9D8-8CCA7485A2B6}"
EndProject
Global
	GlobalSection(SolutionConfigurationPlatforms) = preSolution
		Debug|Any CPU = Debug|Any CPU
		Debug|x64 = Debug|x64
		Debug|x86 = Debug|x86
		Release|Any CPU = Release|Any CPU
		Release|x64 = Release|x64
		Release|x86 = Release|x86
	EndGlobalSection
	GlobalSection(SolutionProperties) = preSolution
		HideSolutionNode = FALSE
	EndGlobalSection
	GlobalSection(ProjectConfigurationPlatforms) = postSolution
		{9BDAFA5D-147A-4986-9DDA-745628D6F872}.Debug|Any CPU.ActiveCfg = Debug|Any CPU
		{9BDAFA5D-147A-4986-9DDA-745628D6F872}.Debug|Any CPU.Build.0 = Debug|Any CPU
		{9BDAFA5D-147A-4986-9DDA-745628D6F872}.Debug|x64.ActiveCfg = Debug|Any CPU
		{9BDAFA5D-147A-4986-9DDA-745628D6F872}.Debug|x64.Build.0 = Debug|Any CPU
		{9BDAFA5D-147A-4986-9DDA-745628D6F872}.Debug|x86.ActiveCfg = Debug|Any CPU
		{9BDAFA5D-147A-4986-9DDA-745628D6F872}.Debug|x86.Build.0 = Debug|Any CPU
		{9BDAFA5D-147A-4986-9DDA-745628D6F872}.Release|Any CPU.ActiveCfg = Release|Any CPU
		{9BDAFA5D-147A-4986-9DDA-745628D6F872}.Release|Any CPU.Build.0 = Release|Any CPU
		{9BDAFA5D-147A-4986-9DDA-745628D6F872}.Release|x64.ActiveCfg = Release|Any CPU
		{9BDAFA5D-147A-4986-9DDA-745628D6F872}.Release|x64.Build.0 = Release|Any CPU
		{9BDAFA5D-147A-4986-9DDA-745628D6F872}.Release|x86.ActiveCfg = Release|Any CPU
		{9BDAFA5D-147A-4986-9DDA-745628D6F872}.Release|x86.Build.0 = Release|Any CPU
		{6D6A1997-F2FD-4CAE-A9D8-8CCA7485A2B6}.Debug|Any CPU.ActiveCfg = Debug|Any CPU
		{6D6A1997-F2FD-4CAE-A9D8-8CCA7485A2B6}.Debug|Any CPU.Build.0 = Debug|Any CPU
		{6D6A1997-F2FD-4CAE-A9D8-8CCA7485A2B6}.Debug|x64.ActiveCfg = Debug|Any CPU
		{6D6A1997-F2FD-4CAE-A9D8-8CCA7485A2B6}.Debug|x64.Build.0 = Debug|Any CPU
		{6D6A1997-F2FD-4CAE-A9D8-8CCA7485A2B6}.Debug|x86.ActiveCfg = Debug|Any CPU
		{6D6A1997-F2FD-4CAE-A9D8-8CCA7485A2B6}.Debug|x86.Build.0 = Debug|Any CPU
		{6D6A1997-F2FD-4CAE-A9D8-8CCA7485A2B6}.Release|Any CPU.ActiveCfg = Release|Any CPU
		{6D6A1997-F2FD-4CAE-A9D8-8CCA7485A2B6}.Release|Any CPU.Build.0 = Release|Any CPU
		{6D6A1997-F2FD-4CAE-A9D8-8CCA7485A2B6}.Release|x64.ActiveCfg = Release|Any CPU
		{6D6A1997-F2FD-4CAE-A9D8-8CCA7485A2B6}.Release|x64.Build.0 = Release|Any CPU
		{6D6A1997-F2FD-4CAE-A9D8-8CCA7485A2B6}.Release|x86.ActiveCfg = Release|Any CPU
		{6D6A1997-F2FD-4CAE-A9D8-8CCA7485A2B6}.Release|x86.Build.0 = Release|Any CPU
	EndGlobalSection
EndGlobal
